schema: '2.0'
stages:
  data_load:
    cmd: python -m src.stages.data_load --config=params.yaml
    deps:
    - path: src/stages/data_load.py
      md5: ebc71be562bef12448a953eae1f8d147
      size: 956
    params:
      params.yaml:
        base:
          random_state: 42
          log_level: INFO
        data_load:
          dataset_csv: data/raw/iris.csv
    outs:
    - path: data/raw/iris.csv
      md5: 4224576f0267bf88902f87f0f6200967
      size: 2757
  featurize:
    cmd: python -m src.stages.featurize --config=params.yaml
    deps:
    - path: data/raw/iris.csv
      md5: 4224576f0267bf88902f87f0f6200967
      size: 2757
    - path: src/stages/featurize.py
      md5: fa1ec29f6ff564a3e3d305aea118be81
      size: 1292
    params:
      params.yaml:
        base:
          random_state: 42
          log_level: INFO
        data_load:
          dataset_csv: data/raw/iris.csv
        featurize:
          features_path: data/processed/featured_iris.csv
          target_column: target
    outs:
    - path: data/processed/featured_iris.csv
      md5: 5d03a1564b3038fc35a842f8e4bde491
      size: 7260
  data_split:
    cmd: python -m src.stages.data_split --config=params.yaml
    deps:
    - path: data/processed/featured_iris.csv
      md5: 5d03a1564b3038fc35a842f8e4bde491
      size: 7260
    - path: src/stages/data_split.py
      md5: 8dfe312ff90160af2ff57f15ac8cb829
      size: 1298
    params:
      params.yaml:
        base:
          random_state: 42
          log_level: INFO
        data_split:
          test_size: 0.24
          trainset_path: data/processed/train_iris.csv
          testset_path: data/processed/test_iris.csv
        featurize:
          features_path: data/processed/featured_iris.csv
          target_column: target
    outs:
    - path: data/processed/test_iris.csv
      md5: 69766ba03a1a4a3cf735a8ffc48491e1
      size: 1739
    - path: data/processed/train_iris.csv
      md5: 11ee9c6893ea609379ecf3b050d509d9
      size: 5477
  train:
    cmd: python -m src.stages.train --config=params.yaml
    deps:
    - path: data/processed/train_iris.csv
      md5: 11ee9c6893ea609379ecf3b050d509d9
      size: 5477
    - path: src/stages/train.py
      md5: 3296dcabf91da3451f6ca3120c0fccac
      size: 1400
    params:
      params.yaml:
        base:
          random_state: 42
          log_level: INFO
        data_split.trainset_path: data/processed/train_iris.csv
        featurize.target_column: target
        train:
          cv: 4
          estimator_name: logreg
          estimators:
            logreg:
              param_grid:
                C:
                - 0.0001
                - 0.001
                max_iter:
                - 10
                solver:
                - lbfgs
                multi_class:
                - multinomial
            svm:
              param_grid:
                C:
                - 0.001
                - 1e-05
                kernel:
                - rbf
                - linear
                gamma:
                - scale
                degree:
                - 3
                - 4
                - 5
          model_path: models/model.joblib
    outs:
    - path: models/model.joblib
      md5: 367f28406c7bce1a8dd44928ec4d1aa4
      size: 2885
  evaluate:
    cmd: python -m src.stages.evaluate --config=params.yaml
    deps:
    - path: data/processed/test_iris.csv
      md5: 69766ba03a1a4a3cf735a8ffc48491e1
      size: 1739
    - path: models/model.joblib
      md5: 367f28406c7bce1a8dd44928ec4d1aa4
      size: 2885
    - path: src/stages/evaluate.py
      md5: 5589d607ffe0a7e4d82084b7377c9c78
      size: 3148
    params:
      params.yaml:
        base:
          random_state: 42
          log_level: INFO
        data_split.testset_path: data/processed/test_iris.csv
        evaluate:
          reports_dir: reports
          metrics_file: metrics.json
          confusion_matrix_image: confusion_matrix.png
          confusion_matrix_data: confusion_matrix_data.csv
        featurize.target_column: target
    outs:
    - path: reports/confusion_matrix.png
      md5: 46ff1944d9dac24e92c8ad4fb99488c7
      size: 25685
    - path: reports/confusion_matrix_data.csv
      md5: b2895e0afdd40c01105c2f09bcd865fa
      size: 673
    - path: reports/metrics.json
      md5: 3329ba1a6b18407f725a1e25a5500560
      size: 17
